
Microsoft Visual Studio Solution File, Format Version 12.00
# Visual Studio Version 16
VisualStudioVersion = 16.0.30907.101
MinimumVisualStudioVersion = 10.0.40219.1
Project("{9A19103F-16F7-4668-BE54-9A1E7A4F7556}") = "SistemaPedidos", "PedidosProdutos\SistemaPedidos.csproj", "{B90D391C-2067-4C83-984D-94ED4CC7A571}"
EndProject
Global
	GlobalSection(SolutionConfigurationPlatforms) = preSolution
		Debug|Any CPU = Debug|Any CPU
		Release|Any CPU = Release|Any CPU
	EndGlobalSection
	GlobalSection(ProjectConfigurationPlatforms) = postSolution
		{B90D391C-2067-4C83-984D-94ED4CC7A571}.Debug|Any CPU.ActiveCfg = Debug|Any CPU
		{B90D391C-2067-4C83-984D-94ED4CC7A571}.Debug|Any CPU.Build.0 = Debug|Any CPU
		{B90D391C-2067-4C83-984D-94ED4CC7A571}.Release|Any CPU.ActiveCfg = Release|Any CPU
		{B90D391C-2067-4C83-984D-94ED4CC7A571}.Release|Any CPU.Build.0 = Release|Any CPU
	EndGlobalSection
	GlobalSection(SolutionProperties) = preSolution
		HideSolutionNode = FALSE
	EndGlobalSection
	GlobalSection(ExtensibilityGlobals) = postSolution
		SolutionGuid = {CC714484-4498-4A80-8443-FA9C1F482DA1}
	EndGlobalSection
EndGlobal
